
Microsoft Visual Studio Solution File, Format Version 12.00
# Visual Studio Version 17
VisualStudioVersion = 17.0.31912.275
MinimumVisualStudioVersion = 10.0.40219.1
Project("{FAE04EC0-301F-11D3-BF4B-00C04F79EFBC}") = "DLock", "DLock\DLock.csproj", "{03BEE31A-CED5-427E-A1EF-4EF01B08BAB3}"
EndProject
Global
	GlobalSection(SolutionConfigurationPlatforms) = preSolution
		Debug|Any CPU = Debug|Any CPU
		Release|Any CPU = Release|Any CPU
	EndGlobalSection
	GlobalSection(ProjectConfigurationPlatforms) = postSolution
		{03BEE31A-CED5-427E-A1EF-4EF01B08BAB3}.Debug|Any CPU.ActiveCfg = Debug|Any CPU
		{03BEE31A-CED5-427E-A1EF-4EF01B08BAB3}.Debug|Any CPU.Build.0 = Debug|Any CPU
		{03BEE31A-CED5-427E-A1EF-4EF01B08BAB3}.Release|Any CPU.ActiveCfg = Release|Any CPU
		{03BEE31A-CED5-427E-A1EF-4EF01B08BAB3}.Release|Any CPU.Build.0 = Release|Any CPU
	EndGlobalSection
	GlobalSection(SolutionProperties) = preSolution
		HideSolutionNode = FALSE
	EndGlobalSection
	GlobalSection(ExtensibilityGlobals) = postSolution
		SolutionGuid = {2392D425-DBCD-4CBC-B6D8-30CC9FBC1FB3}
	EndGlobalSection
EndGlobal
